
Microsoft Visual Studio Solution File, Format Version 12.00
# Visual Studio Version 16
VisualStudioVersion = 16.0.31005.135
MinimumVisualStudioVersion = 10.0.40219.1
Project("{9A19103F-16F7-4668-BE54-9A1E7A4F7556}") = "AzureBlobStorage", "AzureBlobStorage.csproj", "{99207E14-B9F5-4E74-99C1-9638DA49BF0F}"
EndProject
Project("{FAE04EC0-301F-11D3-BF4B-00C04F79EFBC}") = "AzureBlobMetaData", "..\AzureBlobMetaData\AzureBlobMetaData.csproj", "{1B52C307-74E8-4DEF-96FA-496BE38BE39C}"
EndProject
Global
	GlobalSection(SolutionConfigurationPlatforms) = preSolution
		Debug|Any CPU = Debug|Any CPU
		Release|Any CPU = Release|Any CPU
	EndGlobalSection
	GlobalSection(ProjectConfigurationPlatforms) = postSolution
		{99207E14-B9F5-4E74-99C1-9638DA49BF0F}.Debug|Any CPU.ActiveCfg = Debug|Any CPU
		{99207E14-B9F5-4E74-99C1-9638DA49BF0F}.Debug|Any CPU.Build.0 = Debug|Any CPU
		{99207E14-B9F5-4E74-99C1-9638DA49BF0F}.Release|Any CPU.ActiveCfg = Release|Any CPU
		{99207E14-B9F5-4E74-99C1-9638DA49BF0F}.Release|Any CPU.Build.0 = Release|Any CPU
		{1B52C307-74E8-4DEF-96FA-496BE38BE39C}.Debug|Any CPU.ActiveCfg = Debug|Any CPU
		{1B52C307-74E8-4DEF-96FA-496BE38BE39C}.Debug|Any CPU.Build.0 = Debug|Any CPU
		{1B52C307-74E8-4DEF-96FA-496BE38BE39C}.Release|Any CPU.ActiveCfg = Release|Any CPU
		{1B52C307-74E8-4DEF-96FA-496BE38BE39C}.Release|Any CPU.Build.0 = Release|Any CPU
	EndGlobalSection
	GlobalSection(SolutionProperties) = preSolution
		HideSolutionNode = FALSE
	EndGlobalSection
	GlobalSection(ExtensibilityGlobals) = postSolution
		SolutionGuid = {721B9062-148C-42D2-AA0E-F41730B3A460}
	EndGlobalSection
EndGlobal
